// !$*UTF8*$!
{
	archiveVersion = 1;
	classes = {
	};
	objectVersion = 50;
	objects = {

/* Begin PBXBuildFile section */
		F767233F2614A0070010C77D /* MySliderViewModel.swift in Sources */ = {isa = PBXBuildFile; fileRef = F767233E2614A0070010C77D /* MySliderViewModel.swift */; };
		F76723422614A8DD0010C77D /* MyPaletteViewModel.swift in Sources */ = {isa = PBXBuildFile; fileRef = F76723412614A8DD0010C77D /* MyPaletteViewModel.swift */; };
		F76723462614A94B0010C77D /* BaseViewModel.swift in Sources */ = {isa = PBXBuildFile; fileRef = F76723452614A94B0010C77D /* BaseViewModel.swift */; };
		F7FCB9AA261362F4005F0C52 /* SwiftUI_SSOTApp.swift in Sources */ = {isa = PBXBuildFile; fileRef = F7FCB9A9261362F4005F0C52 /* SwiftUI_SSOTApp.swift */; };
		F7FCB9AC261362F4005F0C52 /* ContentView.swift in Sources */ = {isa = PBXBuildFile; fileRef = F7FCB9AB261362F4005F0C52 /* ContentView.swift */; };
		F7FCB9AE261362F6005F0C52 /* Assets.xcassets in Resources */ = {isa = PBXBuildFile; fileRef = F7FCB9AD261362F6005F0C52 /* Assets.xcassets */; };
		F7FCB9B1261362F6005F0C52 /* Preview Assets.xcassets in Resources */ = {isa = PBXBuildFile; fileRef = F7FCB9B0261362F6005F0C52 /* Preview Assets.xcassets */; };
		F7FCB9BD26136370005F0C52 /* MyPaletteView.swift in Sources */ = {isa = PBXBuildFile; fileRef = F7FCB9BC26136370005F0C52 /* MyPaletteView.swift */; };
		F7FCB9C326136387005F0C52 /* MySliderView.swift in Sources */ = {isa = PBXBuildFile; fileRef = F7FCB9C226136387005F0C52 /* MySliderView.swift */; };
		F7FCB9CD261368FD005F0C52 /* HomeView.swift in Sources */ = {isa = PBXBuildFile; fileRef = F7FCB9CC261368FD005F0C52 /* HomeView.swift */; };
		F7FD54582613764400CCEB85 /* HomeViewModel.swift in Sources */ = {isa = PBXBuildFile; fileRef = F7FD54572613764400CCEB85 /* HomeViewModel.swift */; };
/* End PBXBuildFile section */

/* Begin PBXFileReference section */
		F767233E2614A0070010C77D /* MySliderViewModel.swift */ = {isa = PBXFileReference; lastKnownFileType = sourcecode.swift; path = MySliderViewModel.swift; sourceTree = "<group>"; };
		F76723412614A8DD0010C77D /* MyPaletteViewModel.swift */ = {isa = PBXFileReference; lastKnownFileType = sourcecode.swift; path = MyPaletteViewModel.swift; sourceTree = "<group>"; };
		F76723452614A94B0010C77D /* BaseViewModel.swift */ = {isa = PBXFileReference; lastKnownFileType = sourcecode.swift; path = BaseViewModel.swift; sourceTree = "<group>"; };
		F7FCB9A6261362F4005F0C52 /* SwiftUI-SSOT.app */ = {isa = PBXFileReference; explicitFileType = wrapper.application; includeInIndex = 0; path = "SwiftUI-SSOT.app"; sourceTree = BUILT_PRODUCTS_DIR; };
		F7FCB9A9261362F4005F0C52 /* SwiftUI_SSOTApp.swift */ = {isa = PBXFileReference; lastKnownFileType = sourcecode.swift; path = SwiftUI_SSOTApp.swift; sourceTree = "<group>"; };
		F7FCB9AB261362F4005F0C52 /* ContentView.swift */ = {isa = PBXFileReference; lastKnownFileType = sourcecode.swift; path = ContentView.swift; sourceTree = "<group>"; };
		F7FCB9AD261362F6005F0C52 /* Assets.xcassets */ = {isa = PBXFileReference; lastKnownFileType = folder.assetcatalog; path = Assets.xcassets; sourceTree = "<group>"; };
		F7FCB9B0261362F6005F0C52 /* Preview Assets.xcassets */ = {isa = PBXFileReference; lastKnownFileType = folder.assetcatalog; path = "Preview Assets.xcassets"; sourceTree = "<group>"; };
		F7FCB9B2261362F6005F0C52 /* Info.plist */ = {isa = PBXFileReference; lastKnownFileType = text.plist.xml; path = Info.plist; sourceTree = "<group>"; };
		F7FCB9BC26136370005F0C52 /* MyPaletteView.swift */ = {isa = PBXFileReference; lastKnownFileType = sourcecode.swift; path = MyPaletteView.swift; sourceTree = "<group>"; };
		F7FCB9C226136387005F0C52 /* MySliderView.swift */ = {isa = PBXFileReference; lastKnownFileType = sourcecode.swift; path = MySliderView.swift; sourceTree = "<group>"; };
		F7FCB9CC261368FD005F0C52 /* HomeView.swift */ = {isa = PBXFileReference; lastKnownFileType = sourcecode.swift; path = HomeView.swift; sourceTree = "<group>"; };
		F7FD54572613764400CCEB85 /* HomeViewModel.swift */ = {isa = PBXFileReference; lastKnownFileType = sourcecode.swift; path = HomeViewModel.swift; sourceTree = "<group>"; };
/* End PBXFileReference section */

/* Begin PBXFrameworksBuildPhase section */
		F7FCB9A3261362F4005F0C52 /* Frameworks */ = {
			isa = PBXFrameworksBuildPhase;
			buildActionMask = 2147483647;
			files = (
			);
			runOnlyForDeploymentPostprocessing = 0;
		};
/* End PBXFrameworksBuildPhase section */

/* Begin PBXGroup section */
		F76723442614A92B0010C77D /* ViewModel */ = {
			isa = PBXGroup;
			children = (
				F7FD54572613764400CCEB85 /* HomeViewModel.swift */,
				F76723452614A94B0010C77D /* BaseViewModel.swift */,
				F76723412614A8DD0010C77D /* MyPaletteViewModel.swift */,
				F767233E2614A0070010C77D /* MySliderViewModel.swift */,
			);
			path = ViewModel;
			sourceTree = "<group>";
		};
		F7FCB99D261362F4005F0C52 = {
			isa = PBXGroup;
			children = (
				F7FCB9A8261362F4005F0C52 /* SwiftUI-SSOT */,
				F7FCB9A7261362F4005F0C52 /* Products */,
			);
			sourceTree = "<group>";
		};
		F7FCB9A7261362F4005F0C52 /* Products */ = {
			isa = PBXGroup;
			children = (
				F7FCB9A6261362F4005F0C52 /* SwiftUI-SSOT.app */,
			);
			name = Products;
			sourceTree = "<group>";
		};
		F7FCB9A8261362F4005F0C52 /* SwiftUI-SSOT */ = {
			isa = PBXGroup;
			children = (
				F7FCB9CB261368EC005F0C52 /* View */,
				F76723442614A92B0010C77D /* ViewModel */,
				F7FCB9A9261362F4005F0C52 /* SwiftUI_SSOTApp.swift */,
				F7FCB9AB261362F4005F0C52 /* ContentView.swift */,
				F7FCB9AD261362F6005F0C52 /* Assets.xcassets */,
				F7FCB9B2261362F6005F0C52 /* Info.plist */,
				F7FCB9AF261362F6005F0C52 /* Preview Content */,
			);
			path = "SwiftUI-SSOT";
			sourceTree = "<group>";
		};
		F7FCB9AF261362F6005F0C52 /* Preview Content */ = {
			isa = PBXGroup;
			children = (
				F7FCB9B0261362F6005F0C52 /* Preview Assets.xcassets */,
			);
			path = "Preview Content";
			sourceTree = "<group>";
		};
		F7FCB9CB261368EC005F0C52 /* View */ = {
			isa = PBXGroup;
			children = (
				F7FCB9CC261368FD005F0C52 /* HomeView.swift */,
				F7FCB9BC26136370005F0C52 /* MyPaletteView.swift */,
				F7FCB9C226136387005F0C52 /* MySliderView.swift */,
			);
			path = View;
			sourceTree = "<group>";
		};
/* End PBXGroup section */

/* Begin PBXNativeTarget section */
		F7FCB9A5261362F4005F0C52 /* SwiftUI-SSOT */ = {
			isa = PBXNativeTarget;
			buildConfigurationList = F7FCB9B5261362F6005F0C52 /* Build configuration list for PBXNativeTarget "SwiftUI-SSOT" */;
			buildPhases = (
				F7FCB9A2261362F4005F0C52 /* Sources */,
				F7FCB9A3261362F4005F0C52 /* Frameworks */,
				F7FCB9A4261362F4005F0C52 /* Resources */,
			);
			buildRules = (
			);
			dependencies = (
			);
			name = "SwiftUI-SSOT";
			productName = "SwiftUI-SSOT";
			productReference = F7FCB9A6261362F4005F0C52 /* SwiftUI-SSOT.app */;
			productType = "com.apple.product-type.application";
		};
/* End PBXNativeTarget section */

/* Begin PBXProject section */
		F7FCB99E261362F4005F0C52 /* Project object */ = {
			isa = PBXProject;
			attributes = {
				LastSwiftUpdateCheck = 1240;
				LastUpgradeCheck = 1240;
				TargetAttributes = {
					F7FCB9A5261362F4005F0C52 = {
						CreatedOnToolsVersion = 12.4;
					};
				};
			};
			buildConfigurationList = F7FCB9A1261362F4005F0C52 /* Build configuration list for PBXProject "SwiftUI-SSOT" */;
			compatibilityVersion = "Xcode 9.3";
			developmentRegion = en;
			hasScannedForEncodings = 0;
			knownRegions = (
				en,
				Base,
			);
			mainGroup = F7FCB99D261362F4005F0C52;
			productRefGroup = F7FCB9A7261362F4005F0C52 /* Products */;
			projectDirPath = "";
			projectRoot = "";
			targets = (
				F7FCB9A5261362F4005F0C52 /* SwiftUI-SSOT */,
			);
		};
/* End PBXProject section */

/* Begin PBXResourcesBuildPhase section */
		F7FCB9A4261362F4005F0C52 /* Resources */ = {
			isa = PBXResourcesBuildPhase;
			buildActionMask = 2147483647;
			files = (
				F7FCB9B1261362F6005F0C52 /* Preview Assets.xcassets in Resources */,
				F7FCB9AE261362F6005F0C52 /* Assets.xcassets in Resources */,
			);
			runOnlyForDeploymentPostprocessing = 0;
		};
/* End PBXResourcesBuildPhase section */

/* Begin PBXSourcesBuildPhase section */
		F7FCB9A2261362F4005F0C52 /* Sources */ = {
			isa = PBXSourcesBuildPhase;
			buildActionMask = 2147483647;
			files = (
				F7FCB9C326136387005F0C52 /* MySliderView.swift in Sources */,
				F7FD54582613764400CCEB85 /* HomeViewModel.swift in Sources */,
				F767233F2614A0070010C77D /* MySliderViewModel.swift in Sources */,
				F7FCB9AC261362F4005F0C52 /* ContentView.swift in Sources */,
				F76723422614A8DD0010C77D /* MyPaletteViewModel.swift in Sources */,
				F76723462614A94B0010C77D /* BaseViewModel.swift in Sources */,
				F7FCB9BD26136370005F0C52 /* MyPaletteView.swift in Sources */,
				F7FCB9CD261368FD005F0C52 /* HomeView.swift in Sources */,
				F7FCB9AA261362F4005F0C52 /* SwiftUI_SSOTApp.swift in Sources */,
			);
			runOnlyForDeploymentPostprocessing = 0;
		};
/* End PBXSourcesBuildPhase section */

/* Begin XCBuildConfiguration section */
		F7FCB9B3261362F6005F0C52 /* Debug */ = {
			isa = XCBuildConfiguration;
			buildSettings = {
				ALWAYS_SEARCH_USER_PATHS = NO;
				CLANG_ANALYZER_NONNULL = YES;
				CLANG_ANALYZER_NUMBER_OBJECT_CONVERSION = YES_AGGRESSIVE;
				CLANG_CXX_LANGUAGE_STANDARD = "gnu++14";
				CLANG_CXX_LIBRARY = "libc++";
				CLANG_ENABLE_MODULES = YES;
				CLANG_ENABLE_OBJC_ARC = YES;
				CLANG_ENABLE_OBJC_WEAK = YES;
				CLANG_WARN_BLOCK_CAPTURE_AUTORELEASING = YES;
				CLANG_WARN_BOOL_CONVERSION = YES;
				CLANG_WARN_COMMA = YES;
				CLANG_WARN_CONSTANT_CONVERSION = YES;
				CLANG_WARN_DEPRECATED_OBJC_IMPLEMENTATIONS = YES;
				CLANG_WARN_DIRECT_OBJC_ISA_USAGE = YES_ERROR;
				CLANG_WARN_DOCUMENTATION_COMMENTS = YES;
				CLANG_WARN_EMPTY_BODY = YES;
				CLANG_WARN_ENUM_CONVERSION = YES;
				CLANG_WARN_INFINITE_RECURSION = YES;
				CLANG_WARN_INT_CONVERSION = YES;
				CLANG_WARN_NON_LITERAL_NULL_CONVERSION = YES;
				CLANG_WARN_OBJC_IMPLICIT_RETAIN_SELF = YES;
				CLANG_WARN_OBJC_LITERAL_CONVERSION = YES;
				CLANG_WARN_OBJC_ROOT_CLASS = YES_ERROR;
				CLANG_WARN_QUOTED_INCLUDE_IN_FRAMEWORK_HEADER = YES;
				CLANG_WARN_RANGE_LOOP_ANALYSIS = YES;
				CLANG_WARN_STRICT_PROTOTYPES = YES;
				CLANG_WARN_SUSPICIOUS_MOVE = YES;
				CLANG_WARN_UNGUARDED_AVAILABILITY = YES_AGGRESSIVE;
				CLANG_WARN_UNREACHABLE_CODE = YES;
				CLANG_WARN__DUPLICATE_METHOD_MATCH = YES;
				COPY_PHASE_STRIP = NO;
				DEBUG_INFORMATION_FORMAT = dwarf;
				ENABLE_STRICT_OBJC_MSGSEND = YES;
				ENABLE_TESTABILITY = YES;
				GCC_C_LANGUAGE_STANDARD = gnu11;
				GCC_DYNAMIC_NO_PIC = NO;
				GCC_NO_COMMON_BLOCKS = YES;
				GCC_OPTIMIZATION_LEVEL = 0;
				GCC_PREPROCESSOR_DEFINITIONS = (
					"DEBUG=1",
					"$(inherited)",
				);
				GCC_WARN_64_TO_32_BIT_CONVERSION = YES;
				GCC_WARN_ABOUT_RETURN_TYPE = YES_ERROR;
				GCC_WARN_UNDECLARED_SELECTOR = YES;
				GCC_WARN_UNINITIALIZED_AUTOS = YES_AGGRESSIVE;
				GCC_WARN_UNUSED_FUNCTION = YES;
				GCC_WARN_UNUSED_VARIABLE = YES;
				IPHONEOS_DEPLOYMENT_TARGET = 14.4;
				MTL_ENABLE_DEBUG_INFO = INCLUDE_SOURCE;
				MTL_FAST_MATH = YES;
				ONLY_ACTIVE_ARCH = YES;
				SDKROOT = iphoneos;
				SWIFT_ACTIVE_COMPILATION_CONDITIONS = DEBUG;
				SWIFT_OPTIMIZATION_LEVEL = "-Onone";
			};
			name = Debug;
		};
		F7FCB9B4261362F6005F0C52 /* Release */ = {
			isa = XCBuildConfiguration;
			buildSettings = {
				ALWAYS_SEARCH_USER_PATHS = NO;
				CLANG_ANALYZER_NONNULL = YES;
				CLANG_ANALYZER_NUMBER_OBJECT_CONVERSION = YES_AGGRESSIVE;
				CLANG_CXX_LANGUAGE_STANDARD = "gnu++14";
				CLANG_CXX_LIBRARY = "libc++";
				CLANG_ENABLE_MODULES = YES;
				CLANG_ENABLE_OBJC_ARC = YES;
				CLANG_ENABLE_OBJC_WEAK = YES;
				CLANG_WARN_BLOCK_CAPTURE_AUTORELEASING = YES;
				CLANG_WARN_BOOL_CONVERSION = YES;
				CLANG_WARN_COMMA = YES;
				CLANG_WARN_CONSTANT_CONVERSION = YES;
				CLANG_WARN_DEPRECATED_OBJC_IMPLEMENTATIONS = YES;
				CLANG_WARN_DIRECT_OBJC_ISA_USAGE = YES_ERROR;
				CLANG_WARN_DOCUMENTATION_COMMENTS = YES;
				CLANG_WARN_EMPTY_BODY = YES;
				CLANG_WARN_ENUM_CONVERSION = YES;
				CLANG_WARN_INFINITE_RECURSION = YES;
				CLANG_WARN_INT_CONVERSION = YES;
				CLANG_WARN_NON_LITERAL_NULL_CONVERSION = YES;
				CLANG_WARN_OBJC_IMPLICIT_RETAIN_SELF = YES;
				CLANG_WARN_OBJC_LITERAL_CONVERSION = YES;
				CLANG_WARN_OBJC_ROOT_CLASS = YES_ERROR;
				CLANG_WARN_QUOTED_INCLUDE_IN_FRAMEWORK_HEADER = YES;
				CLANG_WARN_RANGE_LOOP_ANALYSIS = YES;
				CLANG_WARN_STRICT_PROTOTYPES = YES;
				CLANG_WARN_SUSPICIOUS_MOVE = YES;
				CLANG_WARN_UNGUARDED_AVAILABILITY = YES_AGGRESSIVE;
				CLANG_WARN_UNREACHABLE_CODE = YES;
				CLANG_WARN__DUPLICATE_METHOD_MATCH = YES;
				COPY_PHASE_STRIP = NO;
				DEBUG_INFORMATION_FORMAT = "dwarf-with-dsym";
				ENABLE_NS_ASSERTIONS = NO;
				ENABLE_STRICT_OBJC_MSGSEND = YES;
				GCC_C_LANGUAGE_STANDARD = gnu11;
				GCC_NO_COMMON_BLOCKS = YES;
				GCC_WARN_64_TO_32_BIT_CONVERSION = YES;
				GCC_WARN_ABOUT_RETURN_TYPE = YES_ERROR;
				GCC_WARN_UNDECLARED_SELECTOR = YES;
				GCC_WARN_UNINITIALIZED_AUTOS = YES_AGGRESSIVE;
				GCC_WARN_UNUSED_FUNCTION = YES;
				GCC_WARN_UNUSED_VARIABLE = YES;
				IPHONEOS_DEPLOYMENT_TARGET = 14.4;
				MTL_ENABLE_DEBUG_INFO = NO;
				MTL_FAST_MATH = YES;
				SDKROOT = iphoneos;
				SWIFT_COMPILATION_MODE = wholemodule;
				SWIFT_OPTIMIZATION_LEVEL = "-O";
				VALIDATE_PRODUCT = YES;
			};
			name = Release;
		};
		F7FCB9B6261362F6005F0C52 /* Debug */ = {
			isa = XCBuildConfiguration;
			buildSettings = {
				ASSETCATALOG_COMPILER_APPICON_NAME = AppIcon;
				ASSETCATALOG_COMPILER_GLOBAL_ACCENT_COLOR_NAME = AccentColor;
				CODE_SIGN_STYLE = Automatic;
				DEVELOPMENT_ASSET_PATHS = "\"SwiftUI-SSOT/Preview Content\"";
				DEVELOPMENT_TEAM = V22FY27QPA;
				ENABLE_PREVIEWS = YES;
				INFOPLIST_FILE = "SwiftUI-SSOT/Info.plist";
				IPHONEOS_DEPLOYMENT_TARGET = 14.0;
				LD_RUNPATH_SEARCH_PATHS = (
					"$(inherited)",
					"@executable_path/Frameworks",
				);
				PRODUCT_BUNDLE_IDENTIFIER = "ch.ragu.SwiftUI-SSOT";
				PRODUCT_NAME = "$(TARGET_NAME)";
				SWIFT_VERSION = 5.0;
				TARGETED_DEVICE_FAMILY = "1,2";
			};
			name = Debug;
		};
		F7FCB9B7261362F6005F0C52 /* Release */ = {
			isa = XCBuildConfiguration;
			buildSettings = {
				ASSETCATALOG_COMPILER_APPICON_NAME = AppIcon;
				ASSETCATALOG_COMPILER_GLOBAL_ACCENT_COLOR_NAME = AccentColor;
				CODE_SIGN_STYLE = Automatic;
				DEVELOPMENT_ASSET_PATHS = "\"SwiftUI-SSOT/Preview Content\"";
				DEVELOPMENT_TEAM = V22FY27QPA;
				ENABLE_PREVIEWS = YES;
				INFOPLIST_FILE = "SwiftUI-SSOT/Info.plist";
				IPHONEOS_DEPLOYMENT_TARGET = 14.0;
				LD_RUNPATH_SEARCH_PATHS = (
					"$(inherited)",
					"@executable_path/Frameworks",
				);
				PRODUCT_BUNDLE_IDENTIFIER = "ch.ragu.SwiftUI-SSOT";
				PRODUCT_NAME = "$(TARGET_NAME)";
				SWIFT_VERSION = 5.0;
				TARGETED_DEVICE_FAMILY = "1,2";
			};
			name = Release;
		};
/* End XCBuildConfiguration section */

/* Begin XCConfigurationList section */
		F7FCB9A1261362F4005F0C52 /* Build configuration list for PBXProject "SwiftUI-SSOT" */ = {
			isa = XCConfigurationList;
			buildConfigurations = (
				F7FCB9B3261362F6005F0C52 /* Debug */,
				F7FCB9B4261362F6005F0C52 /* Release */,
			);
			defaultConfigurationIsVisible = 0;
			defaultConfigurationName = Release;
		};
		F7FCB9B5261362F6005F0C52 /* Build configuration list for PBXNativeTarget "SwiftUI-SSOT" */ = {
			isa = XCConfigurationList;
			buildConfigurations = (
				F7FCB9B6261362F6005F0C52 /* Debug */,
				F7FCB9B7261362F6005F0C52 /* Release */,
			);
			defaultConfigurationIsVisible = 0;
			defaultConfigurationName = Release;
		};
/* End XCConfigurationList section */
	};
	rootObject = F7FCB99E261362F4005F0C52 /* Project object */;
}
